
Microsoft Visual Studio Solution File, Format Version 12.00
# Visual Studio 15
VisualStudioVersion = 15.0.28010.2003
MinimumVisualStudioVersion = 10.0.40219.1
Project("{FAE04EC0-301F-11D3-BF4B-00C04F79EFBC}") = "MHW Save Editor", "MHW Save Editor\MHW Save Editor.csproj", "{EAA954E4-5EC8-452F-B896-B2A4AA4D8F97}"
EndProject
Project("{FAE04EC0-301F-11D3-BF4B-00C04F79EFBC}") = "Wpf_Dynamic_XAML_Composed_View", "MicrosoftSample\Wpf_Dynamic_XAML_Composed_View\Wpf_Dynamic_XAML_Composed_View.csproj", "{69088776-5E0E-4A69-B73A-CF26B8C376DB}"
EndProject
Global
	GlobalSection(SolutionConfigurationPlatforms) = preSolution
		Debug|Any CPU = Debug|Any CPU
		Release|Any CPU = Release|Any CPU
	EndGlobalSection
	GlobalSection(ProjectConfigurationPlatforms) = postSolution
		{EAA954E4-5EC8-452F-B896-B2A4AA4D8F97}.Debug|Any CPU.ActiveCfg = Debug|Any CPU
		{EAA954E4-5EC8-452F-B896-B2A4AA4D8F97}.Debug|Any CPU.Build.0 = Debug|Any CPU
		{EAA954E4-5EC8-452F-B896-B2A4AA4D8F97}.Release|Any CPU.ActiveCfg = Release|Any CPU
		{EAA954E4-5EC8-452F-B896-B2A4AA4D8F97}.Release|Any CPU.Build.0 = Release|Any CPU
		{EAA954E4-5EC8-452F-B896-B2A4AA4D8F97}.Release|Any CPU.Deploy.0 = Release|Any CPU
		{69088776-5E0E-4A69-B73A-CF26B8C376DB}.Debug|Any CPU.ActiveCfg = Debug|Any CPU
		{69088776-5E0E-4A69-B73A-CF26B8C376DB}.Debug|Any CPU.Build.0 = Debug|Any CPU
		{69088776-5E0E-4A69-B73A-CF26B8C376DB}.Release|Any CPU.ActiveCfg = Release|Any CPU
		{69088776-5E0E-4A69-B73A-CF26B8C376DB}.Release|Any CPU.Build.0 = Release|Any CPU
	EndGlobalSection
	GlobalSection(SolutionProperties) = preSolution
		HideSolutionNode = FALSE
	EndGlobalSection
	GlobalSection(ExtensibilityGlobals) = postSolution
		SolutionGuid = {C113E26B-0BA0-4CD6-8F71-F430B5296D17}
	EndGlobalSection
EndGlobal
